
Microsoft Visual Studio Solution File, Format Version 12.00
# Visual Studio Version 17
VisualStudioVersion = 17.2.32516.85
MinimumVisualStudioVersion = 10.0.40219.1
Project("{FAE04EC0-301F-11D3-BF4B-00C04F79EFBC}") = "Contact.Service.API", "Contact.Service.API\Contact.Service.API.csproj", "{0168DFC2-1E9A-497E-B1EA-4BF3D870F6F2}"
EndProject
Project("{FAE04EC0-301F-11D3-BF4B-00C04F79EFBC}") = "Contact.Service.Core", "Contact.Service.Core\Contact.Service.Core.csproj", "{845220B3-81D8-4990-BDC8-DA38FD883BF9}"
EndProject
Project("{FAE04EC0-301F-11D3-BF4B-00C04F79EFBC}") = "Contact.Service.Context", "Contact.Service.Context\Contact.Service.Context.csproj", "{4D314A2D-55F5-4255-94BE-B5E73BEC5FC7}"
EndProject
Global
	GlobalSection(SolutionConfigurationPlatforms) = preSolution
		Debug|Any CPU = Debug|Any CPU
		Release|Any CPU = Release|Any CPU
	EndGlobalSection
	GlobalSection(ProjectConfigurationPlatforms) = postSolution
		{0168DFC2-1E9A-497E-B1EA-4BF3D870F6F2}.Debug|Any CPU.ActiveCfg = Debug|Any CPU
		{0168DFC2-1E9A-497E-B1EA-4BF3D870F6F2}.Debug|Any CPU.Build.0 = Debug|Any CPU
		{0168DFC2-1E9A-497E-B1EA-4BF3D870F6F2}.Release|Any CPU.ActiveCfg = Release|Any CPU
		{0168DFC2-1E9A-497E-B1EA-4BF3D870F6F2}.Release|Any CPU.Build.0 = Release|Any CPU
		{845220B3-81D8-4990-BDC8-DA38FD883BF9}.Debug|Any CPU.ActiveCfg = Debug|Any CPU
		{845220B3-81D8-4990-BDC8-DA38FD883BF9}.Debug|Any CPU.Build.0 = Debug|Any CPU
		{845220B3-81D8-4990-BDC8-DA38FD883BF9}.Release|Any CPU.ActiveCfg = Release|Any CPU
		{845220B3-81D8-4990-BDC8-DA38FD883BF9}.Release|Any CPU.Build.0 = Release|Any CPU
		{4D314A2D-55F5-4255-94BE-B5E73BEC5FC7}.Debug|Any CPU.ActiveCfg = Debug|Any CPU
		{4D314A2D-55F5-4255-94BE-B5E73BEC5FC7}.Debug|Any CPU.Build.0 = Debug|Any CPU
		{4D314A2D-55F5-4255-94BE-B5E73BEC5FC7}.Release|Any CPU.ActiveCfg = Release|Any CPU
		{4D314A2D-55F5-4255-94BE-B5E73BEC5FC7}.Release|Any CPU.Build.0 = Release|Any CPU
	EndGlobalSection
	GlobalSection(SolutionProperties) = preSolution
		HideSolutionNode = FALSE
	EndGlobalSection
	GlobalSection(ExtensibilityGlobals) = postSolution
		SolutionGuid = {6D6CE3A7-E0D8-4813-B1A6-A1004E4C889A}
	EndGlobalSection
EndGlobal
